
Microsoft Visual Studio Solution File, Format Version 11.00
# Visual Studio 2010
# SharpDevelop 5.1
Project("{FAE04EC0-301F-11D3-BF4B-00C04F79EFBC}") = "Base64 Converter", "Base64 Converter\Base64 Converter.csproj", "{929A32A8-CDDB-4487-9DCB-5D3683AC3F58}"
EndProject
Global
	GlobalSection(SolutionConfigurationPlatforms) = preSolution
		Debug|Any CPU = Debug|Any CPU
		Release|Any CPU = Release|Any CPU
	EndGlobalSection
	GlobalSection(ProjectConfigurationPlatforms) = postSolution
		{929A32A8-CDDB-4487-9DCB-5D3683AC3F58}.Debug|Any CPU.ActiveCfg = Debug|Any CPU
		{929A32A8-CDDB-4487-9DCB-5D3683AC3F58}.Debug|Any CPU.Build.0 = Debug|Any CPU
		{929A32A8-CDDB-4487-9DCB-5D3683AC3F58}.Release|Any CPU.ActiveCfg = Release|Any CPU
		{929A32A8-CDDB-4487-9DCB-5D3683AC3F58}.Release|Any CPU.Build.0 = Release|Any CPU
	EndGlobalSection
EndGlobal
